
Microsoft Visual Studio Solution File, Format Version 12.00
# Visual Studio Version 16
VisualStudioVersion = 16.0.30717.126
MinimumVisualStudioVersion = 10.0.40219.1
Project("{888888A0-9F3D-457C-B088-3A5042F75D52}") = "AmongUs1", "AmongUs1.pyproj", "{4A7E488A-6E47-47DE-A289-3EC6A63D2C2A}"
EndProject
Global
	GlobalSection(SolutionConfigurationPlatforms) = preSolution
		Debug|Any CPU = Debug|Any CPU
		Release|Any CPU = Release|Any CPU
	EndGlobalSection
	GlobalSection(ProjectConfigurationPlatforms) = postSolution
		{4A7E488A-6E47-47DE-A289-3EC6A63D2C2A}.Debug|Any CPU.ActiveCfg = Debug|Any CPU
		{4A7E488A-6E47-47DE-A289-3EC6A63D2C2A}.Release|Any CPU.ActiveCfg = Release|Any CPU
	EndGlobalSection
	GlobalSection(SolutionProperties) = preSolution
		HideSolutionNode = FALSE
	EndGlobalSection
	GlobalSection(ExtensibilityGlobals) = postSolution
		SolutionGuid = {2E02630D-8C2E-48BD-8427-506081C07EBE}
	EndGlobalSection
EndGlobal
